
Microsoft Visual Studio Solution File, Format Version 12.00
# Visual Studio Version 17
VisualStudioVersion = 17.5.002.0
MinimumVisualStudioVersion = 10.0.40219.1
Project("{9A19103F-16F7-4668-BE54-9A1E7A4F7556}") = "PolyModUI", "PolyModUI.csproj", "{821B5633-8BD5-4D3B-B049-845A51488EBD}"
EndProject
Global
	GlobalSection(SolutionConfigurationPlatforms) = preSolution
		Debug|Any CPU = Debug|Any CPU
		Release|Any CPU = Release|Any CPU
	EndGlobalSection
	GlobalSection(ProjectConfigurationPlatforms) = postSolution
		{821B5633-8BD5-4D3B-B049-845A51488EBD}.Debug|Any CPU.ActiveCfg = Debug|Any CPU
		{821B5633-8BD5-4D3B-B049-845A51488EBD}.Debug|Any CPU.Build.0 = Debug|Any CPU
		{821B5633-8BD5-4D3B-B049-845A51488EBD}.Release|Any CPU.ActiveCfg = Release|Any CPU
		{821B5633-8BD5-4D3B-B049-845A51488EBD}.Release|Any CPU.Build.0 = Release|Any CPU
	EndGlobalSection
	GlobalSection(SolutionProperties) = preSolution
		HideSolutionNode = FALSE
	EndGlobalSection
	GlobalSection(ExtensibilityGlobals) = postSolution
		SolutionGuid = {7CFC5592-E2DA-4D1C-B45F-8AF1E2AF8B69}
	EndGlobalSection
EndGlobal
